
Microsoft Visual Studio Solution File, Format Version 11.00
# Visual Studio 2010
Project("{8BC9CEB8-8B4A-11D0-8D11-00A0C91BC942}") = "SandAnimation", "SandAnimation\SandAnimation.vcxproj", "{95F078B3-191D-48EE-9C2D-3B67C45B0AA6}"
EndProject
Project("{54435603-DBB4-11D2-8724-00A0C9A8B90C}") = "sand_table", "sand_table\sand_table.vdproj", "{96602C9F-70F4-45A2-8D55-F86E8DEC3E6B}"
EndProject
Global
	GlobalSection(SolutionConfigurationPlatforms) = preSolution
		Debug|Win32 = Debug|Win32
		Release|Win32 = Release|Win32
	EndGlobalSection
	GlobalSection(ProjectConfigurationPlatforms) = postSolution
		{95F078B3-191D-48EE-9C2D-3B67C45B0AA6}.Debug|Win32.ActiveCfg = Debug|Win32
		{95F078B3-191D-48EE-9C2D-3B67C45B0AA6}.Debug|Win32.Build.0 = Debug|Win32
		{95F078B3-191D-48EE-9C2D-3B67C45B0AA6}.Release|Win32.ActiveCfg = Release|Win32
		{95F078B3-191D-48EE-9C2D-3B67C45B0AA6}.Release|Win32.Build.0 = Release|Win32
		{96602C9F-70F4-45A2-8D55-F86E8DEC3E6B}.Debug|Win32.ActiveCfg = Debug
		{96602C9F-70F4-45A2-8D55-F86E8DEC3E6B}.Release|Win32.ActiveCfg = Release
	EndGlobalSection
	GlobalSection(SolutionProperties) = preSolution
		HideSolutionNode = FALSE
	EndGlobalSection
EndGlobal
